{
  "version": "5",
  "specifiers": {
    "jsr:@b-fuze/deno-dom@*": "0.1.56",
    "jsr:@b-fuze/deno-dom@~0.1.56": "0.1.56",
    "jsr:@denosaurs/plug@1.1.0": "1.1.0",
    "jsr:@mary/date-fns@*": "0.1.3",
    "jsr:@mary/date-fns@~0.1.3": "0.1.3",
    "jsr:@std/encoding@1": "1.0.10",
    "jsr:@std/fmt@1": "1.0.8",
    "jsr:@std/fs@1": "1.0.19",
    "jsr:@std/internal@^1.0.10": "1.0.10",
    "jsr:@std/internal@^1.0.9": "1.0.10",
    "jsr:@std/path@1": "1.1.2",
    "jsr:@std/path@1.0.9": "1.0.9",
    "jsr:@std/path@^1.1.1": "1.1.2",
    "jsr:@supabase/functions-js@^2.4.5": "2.4.5",
    "jsr:@supabase/supabase-js@*": "2.56.0",
    "jsr:@supabase/supabase-js@2": "2.56.0",
    "npm:@grammyjs/i18n@*": "1.1.2_grammy@1.38.1",
    "npm:@grammyjs/i18n@^1.1.2": "1.1.2_grammy@1.38.1",
    "npm:@grammyjs/storage-free@*": "2.5.1",
    "npm:@grammyjs/storage-supabase@*": "2.5.0_@supabase+supabase-js@2.56.0",
    "npm:@supabase/auth-js@2.71.1": "2.71.1",
    "npm:@supabase/functions-js@2.4.5": "2.4.5",
    "npm:@supabase/node-fetch@2.6.15": "2.6.15",
    "npm:@supabase/postgrest-js@1.21.3": "1.21.3",
    "npm:@supabase/realtime-js@2.15.1": "2.15.1",
    "npm:@supabase/storage-js@^2.10.4": "2.11.0",
    "npm:date-fns@*": "4.1.0"
  },
  "jsr": {
    "@b-fuze/deno-dom@0.1.56": {
      "integrity": "8030e2dc1d8750f1682b53462ab893d9c3470f2287feecbe22f44a88c54ab148",
      "dependencies": [
        "jsr:@denosaurs/plug"
      ]
    },
    "@denosaurs/plug@1.1.0": {
      "integrity": "eb2f0b7546c7bca2000d8b0282c54d50d91cf6d75cb26a80df25a6de8c4bc044",
      "dependencies": [
        "jsr:@std/encoding",
        "jsr:@std/fmt",
        "jsr:@std/fs",
        "jsr:@std/path@1"
      ]
    },
    "@mary/date-fns@0.1.3": {
      "integrity": "16dea8b5e45de5de6a442555e171544d4e565b8abc325a0ef86f5f6d04ba0c38"
    },
    "@std/encoding@1.0.10": {
      "integrity": "8783c6384a2d13abd5e9e87a7ae0520a30e9f56aeeaa3bdf910a3eaaf5c811a1"
    },
    "@std/fmt@1.0.8": {
      "integrity": "71e1fc498787e4434d213647a6e43e794af4fd393ef8f52062246e06f7e372b7"
    },
    "@std/fs@1.0.19": {
      "integrity": "051968c2b1eae4d2ea9f79a08a3845740ef6af10356aff43d3e2ef11ed09fb06",
      "dependencies": [
        "jsr:@std/internal@^1.0.9",
        "jsr:@std/path@^1.1.1"
      ]
    },
    "@std/internal@1.0.10": {
      "integrity": "e3be62ce42cab0e177c27698e5d9800122f67b766a0bea6ca4867886cbde8cf7"
    },
    "@std/path@1.0.9": {
      "integrity": "260a49f11edd3db93dd38350bf9cd1b4d1366afa98e81b86167b4e3dd750129e"
    },
    "@std/path@1.1.2": {
      "integrity": "c0b13b97dfe06546d5e16bf3966b1cadf92e1cc83e56ba5476ad8b498d9e3038",
      "dependencies": [
        "jsr:@std/internal@^1.0.10"
      ]
    },
    "@supabase/functions-js@2.4.5": {
      "integrity": "ead2df253fe0c3b0b682c5f25076978ab62c10afff4d04222451a90ba512c394"
    },
    "@supabase/supabase-js@2.56.0": {
      "integrity": "bbf765032e9f3a626441e03c93f7e73f10709fc0caf8912462067030a1576ef4",
      "dependencies": [
        "npm:@supabase/auth-js",
        "npm:@supabase/functions-js@2.4.5",
        "npm:@supabase/node-fetch",
        "npm:@supabase/postgrest-js",
        "npm:@supabase/realtime-js",
        "npm:@supabase/storage-js"
      ]
    }
  },
  "npm": {
    "@deno/shim-deno-test@0.5.0": {
      "integrity": "sha512-4nMhecpGlPi0cSzT67L+Tm+GOJqvuk8gqHBziqcUQOarnuIax1z96/gJHCSIz2Z0zhxE6Rzwb3IZXPtFh51j+w=="
    },
    "@deno/shim-deno@0.18.2": {
      "integrity": "sha512-oQ0CVmOio63wlhwQF75zA4ioolPvOwAoK0yuzcS5bDC1JUvH3y1GS8xPh8EOpcoDQRU4FTG8OQfxhpR+c6DrzA==",
      "dependencies": [
        "@deno/shim-deno-test",
        "which"
      ]
    },
    "@fluent/bundle@0.17.1": {
      "integrity": "sha512-CRFNT9QcSFAeFDneTF59eyv3JXFGhIIN4boUO2y22YmsuuKLyDk+N1I/NQUYz9Ab63e6V7T6vItoZIG/2oOOuw=="
    },
    "@fluent/langneg@0.6.2": {
      "integrity": "sha512-YF4gZ4sLYRQfctpUR2uhb5UyPUYY5n/bi3OaED/Q4awKjPjlaF8tInO3uja7pnLQcmLTURkZL7L9zxv2Z5NDwg=="
    },
    "@grammyjs/i18n@1.1.2_grammy@1.38.1": {
      "integrity": "sha512-PcK06mxuDDZjxdZ5HywBhr+erEITsR816KP4DNIDDds1jpA45pfz/nS9FdZmzF8H6lMyPix3mV5WL1rT4q+BuA==",
      "dependencies": [
        "@deno/shim-deno",
        "@fluent/bundle",
        "@fluent/langneg",
        "grammy"
      ]
    },
    "@grammyjs/storage-free@2.5.1": {
      "integrity": "sha512-wW9R8zxP8qHe6aZh3HqU11ZPWGko2ou32v0GMo8Ck6dLaVVvzI+oBZO6rM9Ntb54jmCdq+CxgLKPY71pyCG7eg==",
      "dependencies": [
        "node-fetch"
      ]
    },
    "@grammyjs/storage-supabase@2.5.0_@supabase+supabase-js@2.56.0": {
      "integrity": "sha512-6ANvBxfKKEbOPknneHrDB29k/c+RMZmqIIwlLIVeTsMGUi/0IRLMpWieo0qrkvHddUigFwxJ3vgvIqIGbNgzfw==",
      "dependencies": [
        "@supabase/supabase-js"
      ]
    },
    "@grammyjs/types@3.22.1": {
      "integrity": "sha512-QJX0Y8lpjE+/nuTKGmxybKmvdrLHV7gqbhI/UXoWlJLWtowbwk+oW+ngfHKwegD+ewL2SX8+tQo/1E14Ma0qlw=="
    },
    "@supabase/auth-js@2.71.1": {
      "integrity": "sha512-mMIQHBRc+SKpZFRB2qtupuzulaUhFYupNyxqDj5Jp/LyPvcWvjaJzZzObv6URtL/O6lPxkanASnotGtNpS3H2Q==",
      "dependencies": [
        "@supabase/node-fetch"
      ]
    },
    "@supabase/functions-js@2.4.5": {
      "integrity": "sha512-v5GSqb9zbosquTo6gBwIiq7W9eQ7rE5QazsK/ezNiQXdCbY+bH8D9qEaBIkhVvX4ZRW5rP03gEfw5yw9tiq4EQ==",
      "dependencies": [
        "@supabase/node-fetch"
      ]
    },
    "@supabase/node-fetch@2.6.15": {
      "integrity": "sha512-1ibVeYUacxWYi9i0cf5efil6adJ9WRyZBLivgjs+AUpewx1F3xPi7gLgaASI2SmIQxPoCEjAsLAzKPgMJVgOUQ==",
      "dependencies": [
        "whatwg-url"
      ]
    },
    "@supabase/postgrest-js@1.21.3": {
      "integrity": "sha512-rg3DmmZQKEVCreXq6Am29hMVe1CzemXyIWVYyyua69y6XubfP+DzGfLxME/1uvdgwqdoaPbtjBDpEBhqxq1ZwA==",
      "dependencies": [
        "@supabase/node-fetch"
      ]
    },
    "@supabase/realtime-js@2.15.1": {
      "integrity": "sha512-edRFa2IrQw50kNntvUyS38hsL7t2d/psah6om6aNTLLcWem0R6bOUq7sk7DsGeSlNfuwEwWn57FdYSva6VddYw==",
      "dependencies": [
        "@supabase/node-fetch",
        "@types/phoenix",
        "@types/ws",
        "ws"
      ]
    },
    "@supabase/storage-js@2.11.0": {
      "integrity": "sha512-Y+kx/wDgd4oasAgoAq0bsbQojwQ+ejIif8uczZ9qufRHWFLMU5cODT+ApHsSrDufqUcVKt+eyxtOXSkeh2v9ww==",
      "dependencies": [
        "@supabase/node-fetch"
      ]
    },
    "@supabase/supabase-js@2.56.0": {
      "integrity": "sha512-XqwhHSyVnkjdliPN61CmXsmFGnFHTX2WDdwjG3Ukvdzuu3Trix+dXupYOQ3BueIyYp7B6t0yYpdQtJP2hIInyg==",
      "dependencies": [
        "@supabase/auth-js",
        "@supabase/functions-js",
        "@supabase/node-fetch",
        "@supabase/postgrest-js",
        "@supabase/realtime-js",
        "@supabase/storage-js"
      ]
    },
    "@types/node@24.2.0": {
      "integrity": "sha512-3xyG3pMCq3oYCNg7/ZP+E1ooTaGB4cG8JWRsqqOYQdbWNY4zbaV0Ennrd7stjiJEFZCaybcIgpTjJWHRfBSIDw==",
      "dependencies": [
        "undici-types"
      ]
    },
    "@types/phoenix@1.6.6": {
      "integrity": "sha512-PIzZZlEppgrpoT2QgbnDU+MMzuR6BbCjllj0bM70lWoejMeNJAxCchxnv7J3XFkI8MpygtRpzXrIlmWUBclP5A=="
    },
    "@types/ws@8.18.1": {
      "integrity": "sha512-ThVF6DCVhA8kUGy+aazFQ4kXQ7E1Ty7A3ypFOe0IcJV8O/M511G99AW24irKrW56Wt44yG9+ij8FaqoBGkuBXg==",
      "dependencies": [
        "@types/node"
      ]
    },
    "abort-controller@3.0.0": {
      "integrity": "sha512-h8lQ8tacZYnR3vNQTgibj+tODHI5/+l06Au2Pcriv/Gmet0eaj4TwWH41sO9wnHDiQsEj19q0drzdWdeAHtweg==",
      "dependencies": [
        "event-target-shim"
      ]
    },
    "date-fns@4.1.0": {
      "integrity": "sha512-Ukq0owbQXxa/U3EGtsdVBkR1w7KOQ5gIBqdH2hkvknzZPYvBxb/aa6E8L7tmjFtkwZBu3UXBbjIgPo/Ez4xaNg=="
    },
    "debug@4.4.1": {
      "integrity": "sha512-KcKCqiftBJcZr++7ykoDIEwSa3XWowTfNPo92BYxjXiyYEVrUQh2aLyhxBCwww+heortUFxEJYcRzosstTEBYQ==",
      "dependencies": [
        "ms"
      ]
    },
    "event-target-shim@5.0.1": {
      "integrity": "sha512-i/2XbnSz/uxRCU6+NdVJgKWDTM427+MqYbkQzD321DuCQJUqOuJKIA0IM2+W2xtYHdKOmZ4dR6fExsd4SXL+WQ=="
    },
    "grammy@1.38.1": {
      "integrity": "sha512-aVBMeyYUjZ+rUEI+aV0T4himboXGs8Uf57c+vhtmHplPfgaRT04dyT9pG8R/GAmKeTUPh84GKO0u9IvaEGN6RA==",
      "dependencies": [
        "@grammyjs/types",
        "abort-controller",
        "debug",
        "node-fetch"
      ]
    },
    "isexe@3.1.1": {
      "integrity": "sha512-LpB/54B+/2J5hqQ7imZHfdU31OlgQqx7ZicVlkm9kzg9/w8GKLEcFfJl/t7DCEDueOyBAD6zCCwTO6Fzs0NoEQ=="
    },
    "ms@2.1.3": {
      "integrity": "sha512-6FlzubTLZG3J2a/NVCAleEhjzq5oxgHyaCU9yYXvcLsvoVaHJq/s5xXI6/XXP6tz7R9xAOtHnSO/tXtF3WRTlA=="
    },
    "node-fetch@2.7.0": {
      "integrity": "sha512-c4FRfUm/dbcWZ7U+1Wq0AwCyFL+3nt2bEw05wfxSz+DWpWsitgmSgYmy2dQdWyKC1694ELPqMs/YzUSNozLt8A==",
      "dependencies": [
        "whatwg-url"
      ]
    },
    "tr46@0.0.3": {
      "integrity": "sha512-N3WMsuqV66lT30CrXNbEjx4GEwlow3v6rr4mCcv6prnfwhS01rkgyFdjPNBYd9br7LpXV1+Emh01fHnq2Gdgrw=="
    },
    "undici-types@7.10.0": {
      "integrity": "sha512-t5Fy/nfn+14LuOc2KNYg75vZqClpAiqscVvMygNnlsHBFpSXdJaYtXMcdNLpl/Qvc3P2cB3s6lOV51nqsFq4ag=="
    },
    "webidl-conversions@3.0.1": {
      "integrity": "sha512-2JAn3z8AR6rjK8Sm8orRC0h/bcl/DqL7tRPdGZ4I1CjdF+EaMLmYxBHyXuKL849eucPFhvBoxMsflfOb8kxaeQ=="
    },
    "whatwg-url@5.0.0": {
      "integrity": "sha512-saE57nupxk6v3HY35+jzBwYa0rKSy0XR8JSxZPwgLr7ys0IBzhGviA1/TUGJLmSVqs8pb9AnvICXEuOHLprYTw==",
      "dependencies": [
        "tr46",
        "webidl-conversions"
      ]
    },
    "which@4.0.0": {
      "integrity": "sha512-GlaYyEb07DPxYCKhKzplCWBJtvxZcZMrL+4UkrTSJHHPyZU4mYYTv3qaOe77H7EODLSSopAUFAc6W8U4yqvscg==",
      "dependencies": [
        "isexe"
      ],
      "bin": true
    },
    "ws@8.18.3": {
      "integrity": "sha512-PEIGCY5tSlUt50cqyMXfCzX+oOPqN0vuGqWzbcJ2xvnkzkq46oOpz7dQaTDBdfICb4N14+GARUDw2XV2N4tvzg=="
    }
  },
  "remote": {
    "https://cdn.skypack.dev/-/debug@v4.3.4-o4liVvMlOnQWbLSYZMXw/dist=es2019,mode=imports/optimized/debug.js": "671100993996e39b501301a87000607916d4d2d9f8fc8e9c5200ae5ba64a1389",
    "https://cdn.skypack.dev/-/ms@v2.1.2-giBDZ1IA5lmQ3ZXaa87V/dist=es2019,mode=imports/optimized/ms.js": "fd88e2d51900437011f1ad232f3393ce97db1b87a7844b3c58dd6d65562c1276",
    "https://cdn.skypack.dev/debug@4.3.4": "7b1d010cc930f71b940ba5941da055bc181115229e29de7214bdb4425c68ea76",
    "https://deno.land/x/grammy@v1.38.1/bot.ts": "b0e3159726c9873787ab7a06c2bcf5b8bb90da3493486b31a50cf260534bfa9e",
    "https://deno.land/x/grammy@v1.38.1/composer.ts": "4fcfc5c5b68107c0e0f24a9b00a5f3cf8d4ed0adee964be17005d96782e09562",
    "https://deno.land/x/grammy@v1.38.1/context.ts": "03e627bfcce440eb7b169df203f54caac18e16e1bb823a3aeb5bbdc0ceebfd6b",
    "https://deno.land/x/grammy@v1.38.1/convenience/constants.ts": "1560129784be52f49aa0bea8716f09ed00dac367fef195be6a2c09bdfc43fb99",
    "https://deno.land/x/grammy@v1.38.1/convenience/frameworks.ts": "4eade9a8cfd004cfeb992e7503353498e7661a7150582900e24e7ae146f7f752",
    "https://deno.land/x/grammy@v1.38.1/convenience/inline_query.ts": "409d1940c7670708064efa495003bcbfdf6763a756b2e6303c464489fd3394ff",
    "https://deno.land/x/grammy@v1.38.1/convenience/input_media.ts": "7af72a5fdb1af0417e31b1327003f536ddfdf64e06ab8bc7f5da6b574de38658",
    "https://deno.land/x/grammy@v1.38.1/convenience/keyboard.ts": "dc5d3f53d0f6a15600ced9b40c85debe55a5d381436826b4cdede18c84bd6bae",
    "https://deno.land/x/grammy@v1.38.1/convenience/session.ts": "5e4b976528a0b3d7893645ac23e2e35e78671af578a3aed5efb4b621e7e9b6da",
    "https://deno.land/x/grammy@v1.38.1/convenience/webhook.ts": "e778e7e0ac5f86600f53534e2fcb799b4bd30562eb0696279181330e76d394f7",
    "https://deno.land/x/grammy@v1.38.1/core/api.ts": "60a82ad4f6e705250b4837b03020e30c895b5ab0a9a8226497521f28aae4f789",
    "https://deno.land/x/grammy@v1.38.1/core/client.ts": "f0acb24fc16a7a41727db4de0799f4153fe3b8d9571931dbbaa89da97030bcae",
    "https://deno.land/x/grammy@v1.38.1/core/error.ts": "5245f18f273da6be364f525090c24d2e9a282c180904f674f66946f2b2556247",
    "https://deno.land/x/grammy@v1.38.1/core/payload.ts": "420e17c3c2830b5576ea187cfce77578fe09f1204b25c25ea2f220ca7c86e73b",
    "https://deno.land/x/grammy@v1.38.1/filter.ts": "a509e2784a5936e6043315f1654ca9d3f082555e128730f782d3ff90a58bbfe7",
    "https://deno.land/x/grammy@v1.38.1/mod.ts": "a973e356760eed1b58bc89280e6eb41bbdf74035f6348c08d6cebf50da1dac34",
    "https://deno.land/x/grammy@v1.38.1/platform.deno.ts": "68272a7e1d9a2d74d8a45342526485dbc0531dee812f675d7f8a4e7fc8393028",
    "https://deno.land/x/grammy@v1.38.1/types.deno.ts": "6a9331bfa81f71b2334527f4611f802b2bf8aabf15e80ac2707b079a8b2fe81a",
    "https://deno.land/x/grammy@v1.38.1/types.ts": "729415590dfa188dbe924dea614dff4e976babdbabb28a307b869fc25777cdf0",
    "https://deno.land/x/grammy_storages@v2.5.1/free/src/adapter.ts": "6f7476d6364e67e5949c77d642f2a9120df40530305b698fa2ee516bc7435ea5",
    "https://deno.land/x/grammy_storages@v2.5.1/free/src/mod.ts": "6485c5bf548fc73446f54f397660a59ffcaf0bcc465b6050c2c762848c2c0ba5",
    "https://deno.land/x/grammy_types@v3.22.1/api.ts": "ae04d6628e3d25ae805bc07a19475065044fc44cde0a40877405bc3544d03a5f",
    "https://deno.land/x/grammy_types@v3.22.1/checklist.ts": "6b3138470069c4227dfff51bf7409b6b3cd25155a245f6f307d7a1dcc98d8881",
    "https://deno.land/x/grammy_types@v3.22.1/inline.ts": "9afd0340eafd22acb163f2f680d58b85719f0edc92dffa4d259fc5232e543d23",
    "https://deno.land/x/grammy_types@v3.22.1/langs.ts": "5f5fd09c58ba3ae942dd7cea2696f95587d2032c1829bba4bca81762b7ef73b6",
    "https://deno.land/x/grammy_types@v3.22.1/manage.ts": "2d96061a8f072afaa86733a866e528d9ed0f2addb0692898845c06d7953cbb68",
    "https://deno.land/x/grammy_types@v3.22.1/markup.ts": "dfe9e883cd09ee82d5f032e639ed69acdce8c42ba3f325528ab35b01d5063a1f",
    "https://deno.land/x/grammy_types@v3.22.1/message.ts": "408e4c123128b12fc9461bcee9365ebcd8a411d1b9158bcfd9495529843e1c97",
    "https://deno.land/x/grammy_types@v3.22.1/methods.ts": "fe9f0655de679ab9cf6dcd972623d396ca9b54d218c5819c446c4c7a159ee445",
    "https://deno.land/x/grammy_types@v3.22.1/mod.ts": "73efb15e1fb664c99ea32fa707a8cd3ed5ff4a1e21fba2fe1ddc78bb476ef84d",
    "https://deno.land/x/grammy_types@v3.22.1/passport.ts": "19820e7d6c279521f8bc8912d6a378239f73d4ab525453808994b5f44ef95215",
    "https://deno.land/x/grammy_types@v3.22.1/payment.ts": "2b83a59a24b7b02ae15fd57cb0ad41ba5b73fda20b725a098f79ac7268d4b351",
    "https://deno.land/x/grammy_types@v3.22.1/settings.ts": "5186837e55f53dfe16749b066237221867f7ebf6174084e69c35603acf413ed7",
    "https://deno.land/x/grammy_types@v3.22.1/story.ts": "f558c6e6054a43fa1403c2376f7c0b51e2138f4e0d13f0f6e870ffd1cd085ae2",
    "https://deno.land/x/grammy_types@v3.22.1/update.ts": "71cc0d5ec860149b71415ba03282b1d7edd0466b36e2789521a3b3a3d7796493"
  },
  "workspace": {
    "dependencies": [
      "jsr:@b-fuze/deno-dom@~0.1.56",
      "jsr:@mary/date-fns@~0.1.3",
      "jsr:@supabase/functions-js@^2.4.5",
      "jsr:@supabase/supabase-js@^2.56.0",
      "npm:@grammyjs/i18n@^1.1.2",
      "npm:@grammyjs/storage-free@*"
    ]
  }
}
